{
  "name": "wanikani",
  "lockfileVersion": 3,
  "requires": true,
  "packages": {
    "": {
      "dependencies": {
        "wanikani-v2-client": "latest"
      }
    },
    "node_modules/wanikani-v2-client": {
      "version": "0.1.1",
      "resolved": "https://registry.npmjs.org/wanikani-v2-client/-/wanikani-v2-client-0.1.1.tgz",
      "integrity": "sha512-gr9wT6DhqC17xRzJ7Gr7AEeWi/C618c5td8sKQW0BNyCgkqmn11R7IJGD/bx1hSouMfUezHi9n9dfb+RqCOdHA==",
      "license": "MIT",
      "engines": {
        "node": ">=20.0.0"
      }
    }
  }
}
